github.com/willfaught/paige v0.72.0 h1:LOtILV7uqkE7fyJY6Upf143EAaFu51FJzAPxNMlvFKw=
github.com/willfaught/paige v0.72.0/go.mod h1:0Nt8ifl7UVYQIBaMtpZmg+BrQHHzFNqKcrBoA2Oo4/E=
github.com/willfaught/paige v0.75.0 h1:ZwneL6YjYif4MQ6ROnbiQX9apY5hXoplsVPPt3kTgRI=
github.com/willfaught/paige v0.75.0/go.mod h1:0Nt8ifl7UVYQIBaMtpZmg+BrQHHzFNqKcrBoA2Oo4/E=
github.com/willfaught/paige v0.78.0 h1:s9XV9TE72pOs2nzweTcWJ3+3lnV5uBHi2ozrTej8OK4=
github.com/willfaught/paige v0.78.0/go.mod h1:0Nt8ifl7UVYQIBaMtpZmg+BrQHHzFNqKcrBoA2Oo4/E=
github.com/willfaught/paige v0.80.0 h1:nlGHeF37nbLybx0Z8YntacOZ3R6b2zto7/ab3OOHeF4=
github.com/willfaught/paige v0.80.0/go.mod h1:0Nt8ifl7UVYQIBaMtpZmg+BrQHHzFNqKcrBoA2Oo4/E=
github.com/willfaught/paige v0.82.0 h1:8XBF1xLW8HEFouwiRvAPqKVxEe43GX2f2BWZsdbpe70=
github.com/willfaught/paige v0.82.0/go.mod h1:0Nt8ifl7UVYQIBaMtpZmg+BrQHHzFNqKcrBoA2Oo4/E=
github.com/willfaught/paige v0.89.0 h1:NHeAC+OWVeMYJxWLRHNPLLpI3LiSiwJq3kjI7jiGTFg=
github.com/willfaught/paige v0.89.0/go.mod h1:0Nt8ifl7UVYQIBaMtpZmg+BrQHHzFNqKcrBoA2Oo4/E=
github.com/willfaught/paige v0.90.2 h1:64og+oy/CaVFYzs6FjiEDqP7h5CBZrhHY5dv0hKQ0wA=
github.com/willfaught/paige v0.90.2/go.mod h1:0Nt8ifl7UVYQIBaMtpZmg+BrQHHzFNqKcrBoA2Oo4/E=
github.com/willfaught/paige v0.91.2 h1:qHatJUizUz361dKwyZj1S7w8C+nkqAQQLsCJZV+os3U=
github.com/willfaught/paige v0.91.2/go.mod h1:0Nt8ifl7UVYQIBaMtpZmg+BrQHHzFNqKcrBoA2Oo4/E=
github.com/willfaught/paige v0.92.0 h1:6vW2y31Z9Kf2l0M1U56GmqXz3ldtFU66rtaA4RGqXT0=
github.com/willfaught/paige v0.92.0/go.mod h1:0Nt8ifl7UVYQIBaMtpZmg+BrQHHzFNqKcrBoA2Oo4/E=
